
Microsoft Visual Studio Solution File, Format Version 12.00
# Visual Studio Version 17
VisualStudioVersion = 17.9.34622.214
MinimumVisualStudioVersion = 10.0.40219.1
Project("{FAE04EC0-301F-11D3-BF4B-00C04F79EFBC}") = "soru1ntp", "soru1ntp\soru1ntp.csproj", "{78D36318-1233-4B76-9E6F-D5DC8F54596A}"
EndProject
Global
	GlobalSection(SolutionConfigurationPlatforms) = preSolution
		Debug|Any CPU = Debug|Any CPU
		Release|Any CPU = Release|Any CPU
	EndGlobalSection
	GlobalSection(ProjectConfigurationPlatforms) = postSolution
		{78D36318-1233-4B76-9E6F-D5DC8F54596A}.Debug|Any CPU.ActiveCfg = Debug|Any CPU
		{78D36318-1233-4B76-9E6F-D5DC8F54596A}.Debug|Any CPU.Build.0 = Debug|Any CPU
		{78D36318-1233-4B76-9E6F-D5DC8F54596A}.Release|Any CPU.ActiveCfg = Release|Any CPU
		{78D36318-1233-4B76-9E6F-D5DC8F54596A}.Release|Any CPU.Build.0 = Release|Any CPU
	EndGlobalSection
	GlobalSection(SolutionProperties) = preSolution
		HideSolutionNode = FALSE
	EndGlobalSection
	GlobalSection(ExtensibilityGlobals) = postSolution
		SolutionGuid = {383DFFB6-0E78-4C9E-8D08-1BA80C934D11}
	EndGlobalSection
EndGlobal
